
Microsoft Visual Studio Solution File, Format Version 12.00
# Visual Studio 15
VisualStudioVersion = 15.0.27703.2018
MinimumVisualStudioVersion = 10.0.40219.1
Project("{FAE04EC0-301F-11D3-BF4B-00C04F79EFBC}") = "Azure", "Azure\Azure.csproj", "{828DB01E-47AA-45C8-A2E6-B5E85220D24C}"
EndProject
Global
	GlobalSection(SolutionConfigurationPlatforms) = preSolution
		Debug|Any CPU = Debug|Any CPU
		Release|Any CPU = Release|Any CPU
	EndGlobalSection
	GlobalSection(ProjectConfigurationPlatforms) = postSolution
		{828DB01E-47AA-45C8-A2E6-B5E85220D24C}.Debug|Any CPU.ActiveCfg = Debug|Any CPU
		{828DB01E-47AA-45C8-A2E6-B5E85220D24C}.Debug|Any CPU.Build.0 = Debug|Any CPU
		{828DB01E-47AA-45C8-A2E6-B5E85220D24C}.Release|Any CPU.ActiveCfg = Release|Any CPU
		{828DB01E-47AA-45C8-A2E6-B5E85220D24C}.Release|Any CPU.Build.0 = Release|Any CPU
	EndGlobalSection
	GlobalSection(SolutionProperties) = preSolution
		HideSolutionNode = FALSE
	EndGlobalSection
	GlobalSection(ExtensibilityGlobals) = postSolution
		SolutionGuid = {144295C1-90E7-47E5-8EE6-D3238B82D6A5}
	EndGlobalSection
EndGlobal
